// !$*UTF8*$!
{
	archiveVersion = 1;
	classes = {
	};
	objectVersion = 46;
	objects = {

/* Begin PBXBuildFile section */
		F76774821E6D8EC300E04F40 /* AppDelegate.swift in Sources */ = {isa = PBXBuildFile; fileRef = F76774811E6D8EC300E04F40 /* AppDelegate.swift */; };
		F76774841E6D8EC300E04F40 /* ViewController.swift in Sources */ = {isa = PBXBuildFile; fileRef = F76774831E6D8EC300E04F40 /* ViewController.swift */; };
		F76774871E6D8EC300E04F40 /* Main.storyboard in Resources */ = {isa = PBXBuildFile; fileRef = F76774851E6D8EC300E04F40 /* Main.storyboard */; };
		F76774891E6D8EC300E04F40 /* Assets.xcassets in Resources */ = {isa = PBXBuildFile; fileRef = F76774881E6D8EC300E04F40 /* Assets.xcassets */; };
		F767748C1E6D8EC300E04F40 /* LaunchScreen.storyboard in Resources */ = {isa = PBXBuildFile; fileRef = F767748A1E6D8EC300E04F40 /* LaunchScreen.storyboard */; };
		F76774941E6D8F2500E04F40 /* test.swift in Sources */ = {isa = PBXBuildFile; fileRef = F76774931E6D8F2500E04F40 /* test.swift */; };
/* End PBXBuildFile section */

/* Begin PBXFileReference section */
		F767747E1E6D8EC300E04F40 /* showPic.app */ = {isa = PBXFileReference; explicitFileType = wrapper.application; includeInIndex = 0; path = showPic.app; sourceTree = BUILT_PRODUCTS_DIR; };
		F76774811E6D8EC300E04F40 /* AppDelegate.swift */ = {isa = PBXFileReference; lastKnownFileType = sourcecode.swift; path = AppDelegate.swift; sourceTree = "<group>"; };
		F76774831E6D8EC300E04F40 /* ViewController.swift */ = {isa = PBXFileReference; lastKnownFileType = sourcecode.swift; path = ViewController.swift; sourceTree = "<group>"; };
		F76774861E6D8EC300E04F40 /* Base */ = {isa = PBXFileReference; lastKnownFileType = file.storyboard; name = Base; path = Base.lproj/Main.storyboard; sourceTree = "<group>"; };
		F76774881E6D8EC300E04F40 /* Assets.xcassets */ = {isa = PBXFileReference; lastKnownFileType = folder.assetcatalog; path = Assets.xcassets; sourceTree = "<group>"; };
		F767748B1E6D8EC300E04F40 /* Base */ = {isa = PBXFileReference; lastKnownFileType = file.storyboard; name = Base; path = Base.lproj/LaunchScreen.storyboard; sourceTree = "<group>"; };
		F767748D1E6D8EC300E04F40 /* Info.plist */ = {isa = PBXFileReference; lastKnownFileType = text.plist.xml; path = Info.plist; sourceTree = "<group>"; };
		F76774931E6D8F2500E04F40 /* test.swift */ = {isa = PBXFileReference; fileEncoding = 4; lastKnownFileType = sourcecode.swift; path = test.swift; sourceTree = "<group>"; };
/* End PBXFileReference section */

/* Begin PBXFrameworksBuildPhase section */
		F767747B1E6D8EC300E04F40 /* Frameworks */ = {
			isa = PBXFrameworksBuildPhase;
			buildActionMask = 2147483647;
			files = (
			);
			runOnlyForDeploymentPostprocessing = 0;
		};
/* End PBXFrameworksBuildPhase section */

/* Begin PBXGroup section */
		F76774751E6D8EC300E04F40 = {
			isa = PBXGroup;
			children = (
				F76774801E6D8EC300E04F40 /* showPic */,
				F767747F1E6D8EC300E04F40 /* Products */,
			);
			sourceTree = "<group>";
		};
		F767747F1E6D8EC300E04F40 /* Products */ = {
			isa = PBXGroup;
			children = (
				F767747E1E6D8EC300E04F40 /* showPic.app */,
			);
			name = Products;
			sourceTree = "<group>";
		};
		F76774801E6D8EC300E04F40 /* showPic */ = {
			isa = PBXGroup;
			children = (
				F76774811E6D8EC300E04F40 /* AppDelegate.swift */,
				F76774831E6D8EC300E04F40 /* ViewController.swift */,
				F76774851E6D8EC300E04F40 /* Main.storyboard */,
				F76774881E6D8EC300E04F40 /* Assets.xcassets */,
				F767748A1E6D8EC300E04F40 /* LaunchScreen.storyboard */,
				F767748D1E6D8EC300E04F40 /* Info.plist */,
				F76774931E6D8F2500E04F40 /* test.swift */,
			);
			path = showPic;
			sourceTree = "<group>";
		};
/* End PBXGroup section */

/* Begin PBXNativeTarget section */
		F767747D1E6D8EC300E04F40 /* showPic */ = {
			isa = PBXNativeTarget;
			buildConfigurationList = F76774901E6D8EC300E04F40 /* Build configuration list for PBXNativeTarget "showPic" */;
			buildPhases = (
				F767747A1E6D8EC300E04F40 /* Sources */,
				F767747B1E6D8EC300E04F40 /* Frameworks */,
				F767747C1E6D8EC300E04F40 /* Resources */,
			);
			buildRules = (
			);
			dependencies = (
			);
			name = showPic;
			productName = showPic;
			productReference = F767747E1E6D8EC300E04F40 /* showPic.app */;
			productType = "com.apple.product-type.application";
		};
/* End PBXNativeTarget section */

/* Begin PBXProject section */
		F76774761E6D8EC300E04F40 /* Project object */ = {
			isa = PBXProject;
			attributes = {
				LastSwiftUpdateCheck = 0820;
				LastUpgradeCheck = 0820;
				ORGANIZATIONNAME = "ikegawa kazuhiro";
				TargetAttributes = {
					F767747D1E6D8EC300E04F40 = {
						CreatedOnToolsVersion = 8.2.1;
						DevelopmentTeam = 69F8REWP2E;
						ProvisioningStyle = Automatic;
					};
				};
			};
			buildConfigurationList = F76774791E6D8EC300E04F40 /* Build configuration list for PBXProject "showPic" */;
			compatibilityVersion = "Xcode 3.2";
			developmentRegion = English;
			hasScannedForEncodings = 0;
			knownRegions = (
				en,
				Base,
			);
			mainGroup = F76774751E6D8EC300E04F40;
			productRefGroup = F767747F1E6D8EC300E04F40 /* Products */;
			projectDirPath = "";
			projectRoot = "";
			targets = (
				F767747D1E6D8EC300E04F40 /* showPic */,
			);
		};
/* End PBXProject section */

/* Begin PBXResourcesBuildPhase section */
		F767747C1E6D8EC300E04F40 /* Resources */ = {
			isa = PBXResourcesBuildPhase;
			buildActionMask = 2147483647;
			files = (
				F767748C1E6D8EC300E04F40 /* LaunchScreen.storyboard in Resources */,
				F76774891E6D8EC300E04F40 /* Assets.xcassets in Resources */,
				F76774871E6D8EC300E04F40 /* Main.storyboard in Resources */,
			);
			runOnlyForDeploymentPostprocessing = 0;
		};
/* End PBXResourcesBuildPhase section */

/* Begin PBXSourcesBuildPhase section */
		F767747A1E6D8EC300E04F40 /* Sources */ = {
			isa = PBXSourcesBuildPhase;
			buildActionMask = 2147483647;
			files = (
				F76774841E6D8EC300E04F40 /* ViewController.swift in Sources */,
				F76774941E6D8F2500E04F40 /* test.swift in Sources */,
				F76774821E6D8EC300E04F40 /* AppDelegate.swift in Sources */,
			);
			runOnlyForDeploymentPostprocessing = 0;
		};
/* End PBXSourcesBuildPhase section */

/* Begin PBXVariantGroup section */
		F76774851E6D8EC300E04F40 /* Main.storyboard */ = {
			isa = PBXVariantGroup;
			children = (
				F76774861E6D8EC300E04F40 /* Base */,
			);
			name = Main.storyboard;
			sourceTree = "<group>";
		};
		F767748A1E6D8EC300E04F40 /* LaunchScreen.storyboard */ = {
			isa = PBXVariantGroup;
			children = (
				F767748B1E6D8EC300E04F40 /* Base */,
			);
			name = LaunchScreen.storyboard;
			sourceTree = "<group>";
		};
/* End PBXVariantGroup section */

/* Begin XCBuildConfiguration section */
		F767748E1E6D8EC300E04F40 /* Debug */ = {
			isa = XCBuildConfiguration;
			buildSettings = {
				ALWAYS_SEARCH_USER_PATHS = NO;
				CLANG_ANALYZER_NONNULL = YES;
				CLANG_CXX_LANGUAGE_STANDARD = "gnu++0x";
				CLANG_CXX_LIBRARY = "libc++";
				CLANG_ENABLE_MODULES = YES;
				CLANG_ENABLE_OBJC_ARC = YES;
				CLANG_WARN_BOOL_CONVERSION = YES;
				CLANG_WARN_CONSTANT_CONVERSION = YES;
				CLANG_WARN_DIRECT_OBJC_ISA_USAGE = YES_ERROR;
				CLANG_WARN_DOCUMENTATION_COMMENTS = YES;
				CLANG_WARN_EMPTY_BODY = YES;
				CLANG_WARN_ENUM_CONVERSION = YES;
				CLANG_WARN_INFINITE_RECURSION = YES;
				CLANG_WARN_INT_CONVERSION = YES;
				CLANG_WARN_OBJC_ROOT_CLASS = YES_ERROR;
				CLANG_WARN_SUSPICIOUS_MOVE = YES;
				CLANG_WARN_UNREACHABLE_CODE = YES;
				CLANG_WARN__DUPLICATE_METHOD_MATCH = YES;
				"CODE_SIGN_IDENTITY[sdk=iphoneos*]" = "iPhone Developer";
				COPY_PHASE_STRIP = NO;
				DEBUG_INFORMATION_FORMAT = dwarf;
				ENABLE_STRICT_OBJC_MSGSEND = YES;
				ENABLE_TESTABILITY = YES;
				GCC_C_LANGUAGE_STANDARD = gnu99;
				GCC_DYNAMIC_NO_PIC = NO;
				GCC_NO_COMMON_BLOCKS = YES;
				GCC_OPTIMIZATION_LEVEL = 0;
				GCC_PREPROCESSOR_DEFINITIONS = (
					"DEBUG=1",
					"$(inherited)",
				);
				GCC_WARN_64_TO_32_BIT_CONVERSION = YES;
				GCC_WARN_ABOUT_RETURN_TYPE = YES_ERROR;
				GCC_WARN_UNDECLARED_SELECTOR = YES;
				GCC_WARN_UNINITIALIZED_AUTOS = YES_AGGRESSIVE;
				GCC_WARN_UNUSED_FUNCTION = YES;
				GCC_WARN_UNUSED_VARIABLE = YES;
				IPHONEOS_DEPLOYMENT_TARGET = 10.2;
				MTL_ENABLE_DEBUG_INFO = YES;
				ONLY_ACTIVE_ARCH = YES;
				SDKROOT = iphoneos;
				SWIFT_ACTIVE_COMPILATION_CONDITIONS = DEBUG;
				SWIFT_OPTIMIZATION_LEVEL = "-Onone";
			};
			name = Debug;
		};
		F767748F1E6D8EC300E04F40 /* Release */ = {
			isa = XCBuildConfiguration;
			buildSettings = {
				ALWAYS_SEARCH_USER_PATHS = NO;
				CLANG_ANALYZER_NONNULL = YES;
				CLANG_CXX_LANGUAGE_STANDARD = "gnu++0x";
				CLANG_CXX_LIBRARY = "libc++";
				CLANG_ENABLE_MODULES = YES;
				CLANG_ENABLE_OBJC_ARC = YES;
				CLANG_WARN_BOOL_CONVERSION = YES;
				CLANG_WARN_CONSTANT_CONVERSION = YES;
				CLANG_WARN_DIRECT_OBJC_ISA_USAGE = YES_ERROR;
				CLANG_WARN_DOCUMENTATION_COMMENTS = YES;
				CLANG_WARN_EMPTY_BODY = YES;
				CLANG_WARN_ENUM_CONVERSION = YES;
				CLANG_WARN_INFINITE_RECURSION = YES;
				CLANG_WARN_INT_CONVERSION = YES;
				CLANG_WARN_OBJC_ROOT_CLASS = YES_ERROR;
				CLANG_WARN_SUSPICIOUS_MOVE = YES;
				CLANG_WARN_UNREACHABLE_CODE = YES;
				CLANG_WARN__DUPLICATE_METHOD_MATCH = YES;
				"CODE_SIGN_IDENTITY[sdk=iphoneos*]" = "iPhone Developer";
				COPY_PHASE_STRIP = NO;
				DEBUG_INFORMATION_FORMAT = "dwarf-with-dsym";
				ENABLE_NS_ASSERTIONS = NO;
				ENABLE_STRICT_OBJC_MSGSEND = YES;
				GCC_C_LANGUAGE_STANDARD = gnu99;
				GCC_NO_COMMON_BLOCKS = YES;
				GCC_WARN_64_TO_32_BIT_CONVERSION = YES;
				GCC_WARN_ABOUT_RETURN_TYPE = YES_ERROR;
				GCC_WARN_UNDECLARED_SELECTOR = YES;
				GCC_WARN_UNINITIALIZED_AUTOS = YES_AGGRESSIVE;
				GCC_WARN_UNUSED_FUNCTION = YES;
				GCC_WARN_UNUSED_VARIABLE = YES;
				IPHONEOS_DEPLOYMENT_TARGET = 10.2;
				MTL_ENABLE_DEBUG_INFO = NO;
				SDKROOT = iphoneos;
				SWIFT_OPTIMIZATION_LEVEL = "-Owholemodule";
				VALIDATE_PRODUCT = YES;
			};
			name = Release;
		};
		F76774911E6D8EC300E04F40 /* Debug */ = {
			isa = XCBuildConfiguration;
			buildSettings = {
				ASSETCATALOG_COMPILER_APPICON_NAME = AppIcon;
				DEVELOPMENT_TEAM = 69F8REWP2E;
				INFOPLIST_FILE = showPic/Info.plist;
				LD_RUNPATH_SEARCH_PATHS = "$(inherited) @executable_path/Frameworks";
				PRODUCT_BUNDLE_IDENTIFIER = com.icloud.dnegi66.showPic;
				PRODUCT_NAME = "$(TARGET_NAME)";
				SWIFT_VERSION = 3.0;
			};
			name = Debug;
		};
		F76774921E6D8EC300E04F40 /* Release */ = {
			isa = XCBuildConfiguration;
			buildSettings = {
				ASSETCATALOG_COMPILER_APPICON_NAME = AppIcon;
				DEVELOPMENT_TEAM = 69F8REWP2E;
				INFOPLIST_FILE = showPic/Info.plist;
				LD_RUNPATH_SEARCH_PATHS = "$(inherited) @executable_path/Frameworks";
				PRODUCT_BUNDLE_IDENTIFIER = com.icloud.dnegi66.showPic;
				PRODUCT_NAME = "$(TARGET_NAME)";
				SWIFT_VERSION = 3.0;
			};
			name = Release;
		};
/* End XCBuildConfiguration section */

/* Begin XCConfigurationList section */
		F76774791E6D8EC300E04F40 /* Build configuration list for PBXProject "showPic" */ = {
			isa = XCConfigurationList;
			buildConfigurations = (
				F767748E1E6D8EC300E04F40 /* Debug */,
				F767748F1E6D8EC300E04F40 /* Release */,
			);
			defaultConfigurationIsVisible = 0;
			defaultConfigurationName = Release;
		};
		F76774901E6D8EC300E04F40 /* Build configuration list for PBXNativeTarget "showPic" */ = {
			isa = XCConfigurationList;
			buildConfigurations = (
				F76774911E6D8EC300E04F40 /* Debug */,
				F76774921E6D8EC300E04F40 /* Release */,
			);
			defaultConfigurationIsVisible = 0;
		};
/* End XCConfigurationList section */
	};
	rootObject = F76774761E6D8EC300E04F40 /* Project object */;
}
